
Microsoft Visual Studio Solution File, Format Version 12.00
# Visual Studio Version 17
VisualStudioVersion = 17.8.34525.116
MinimumVisualStudioVersion = 10.0.40219.1
Project("{9A19103F-16F7-4668-BE54-9A1E7A4F7556}") = "chatbot", "chatbot\chatbot.csproj", "{0C97D40A-A837-4E5B-AF2D-4AB5D34A4159}"
EndProject
Project("{54A90642-561A-4BB1-A94E-469ADEE60C69}") = "chatbotfrontend", "chatbotfrontend\chatbotfrontend.esproj", "{F3FC695E-1505-4E6F-AC56-A7A282592B48}"
EndProject
Global
	GlobalSection(SolutionConfigurationPlatforms) = preSolution
		Debug|Any CPU = Debug|Any CPU
		Release|Any CPU = Release|Any CPU
	EndGlobalSection
	GlobalSection(ProjectConfigurationPlatforms) = postSolution
		{0C97D40A-A837-4E5B-AF2D-4AB5D34A4159}.Debug|Any CPU.ActiveCfg = Debug|Any CPU
		{0C97D40A-A837-4E5B-AF2D-4AB5D34A4159}.Debug|Any CPU.Build.0 = Debug|Any CPU
		{0C97D40A-A837-4E5B-AF2D-4AB5D34A4159}.Release|Any CPU.ActiveCfg = Release|Any CPU
		{0C97D40A-A837-4E5B-AF2D-4AB5D34A4159}.Release|Any CPU.Build.0 = Release|Any CPU
		{F3FC695E-1505-4E6F-AC56-A7A282592B48}.Debug|Any CPU.ActiveCfg = Debug|Any CPU
		{F3FC695E-1505-4E6F-AC56-A7A282592B48}.Debug|Any CPU.Build.0 = Debug|Any CPU
		{F3FC695E-1505-4E6F-AC56-A7A282592B48}.Debug|Any CPU.Deploy.0 = Debug|Any CPU
		{F3FC695E-1505-4E6F-AC56-A7A282592B48}.Release|Any CPU.ActiveCfg = Release|Any CPU
		{F3FC695E-1505-4E6F-AC56-A7A282592B48}.Release|Any CPU.Build.0 = Release|Any CPU
		{F3FC695E-1505-4E6F-AC56-A7A282592B48}.Release|Any CPU.Deploy.0 = Release|Any CPU
	EndGlobalSection
	GlobalSection(SolutionProperties) = preSolution
		HideSolutionNode = FALSE
	EndGlobalSection
	GlobalSection(ExtensibilityGlobals) = postSolution
		SolutionGuid = {8A775655-0DFC-4533-BC85-CE2C1F909C11}
	EndGlobalSection
EndGlobal
